
Microsoft Visual Studio Solution File, Format Version 12.00
# Visual Studio Version 17
VisualStudioVersion = 17.7.34024.191
MinimumVisualStudioVersion = 10.0.40219.1
Project("{FAE04EC0-301F-11D3-BF4B-00C04F79EFBC}") = "DevStandardControl", "DevStandardControl\DevStandardControl.csproj", "{771565A2-8006-4BDA-8A0F-59E07013DA4B}"
EndProject
Global
	GlobalSection(SolutionConfigurationPlatforms) = preSolution
		Debug|Any CPU = Debug|Any CPU
		Release|Any CPU = Release|Any CPU
	EndGlobalSection
	GlobalSection(ProjectConfigurationPlatforms) = postSolution
		{771565A2-8006-4BDA-8A0F-59E07013DA4B}.Debug|Any CPU.ActiveCfg = Debug|Any CPU
		{771565A2-8006-4BDA-8A0F-59E07013DA4B}.Debug|Any CPU.Build.0 = Debug|Any CPU
		{771565A2-8006-4BDA-8A0F-59E07013DA4B}.Release|Any CPU.ActiveCfg = Release|Any CPU
		{771565A2-8006-4BDA-8A0F-59E07013DA4B}.Release|Any CPU.Build.0 = Release|Any CPU
	EndGlobalSection
	GlobalSection(SolutionProperties) = preSolution
		HideSolutionNode = FALSE
	EndGlobalSection
	GlobalSection(ExtensibilityGlobals) = postSolution
		SolutionGuid = {917211AE-C196-49ED-BB03-060BD2A1F35E}
	EndGlobalSection
EndGlobal
