
Microsoft Visual Studio Solution File, Format Version 12.00
# Visual Studio Version 17
VisualStudioVersion = 17.7.34024.191
MinimumVisualStudioVersion = 10.0.40219.1
Project("{FAE04EC0-301F-11D3-BF4B-00C04F79EFBC}") = "DevASPNET", "DevASPNET\DevASPNET.csproj", "{B91E4AFD-0620-4482-B765-2623C501560B}"
EndProject
Global
	GlobalSection(SolutionConfigurationPlatforms) = preSolution
		Debug|Any CPU = Debug|Any CPU
		Release|Any CPU = Release|Any CPU
	EndGlobalSection
	GlobalSection(ProjectConfigurationPlatforms) = postSolution
		{B91E4AFD-0620-4482-B765-2623C501560B}.Debug|Any CPU.ActiveCfg = Debug|Any CPU
		{B91E4AFD-0620-4482-B765-2623C501560B}.Debug|Any CPU.Build.0 = Debug|Any CPU
		{B91E4AFD-0620-4482-B765-2623C501560B}.Release|Any CPU.ActiveCfg = Release|Any CPU
		{B91E4AFD-0620-4482-B765-2623C501560B}.Release|Any CPU.Build.0 = Release|Any CPU
	EndGlobalSection
	GlobalSection(SolutionProperties) = preSolution
		HideSolutionNode = FALSE
	EndGlobalSection
	GlobalSection(ExtensibilityGlobals) = postSolution
		SolutionGuid = {F4D26AC2-8BC4-4D0D-8496-2EE0C1C58279}
	EndGlobalSection
EndGlobal
